
Microsoft Visual Studio Solution File, Format Version 12.00
# Visual Studio 15
VisualStudioVersion = 15.0.28307.757
MinimumVisualStudioVersion = 10.0.40219.1
Project("{FAE04EC0-301F-11D3-BF4B-00C04F79EFBC}") = "ContosoCore.Models", "ContosoCore.Models\ContosoCore.Models.csproj", "{437FC661-F136-45D6-9DF3-A016E56BCB18}"
EndProject
Project("{FAE04EC0-301F-11D3-BF4B-00C04F79EFBC}") = "ContosoCore.DAL", "ContosoCore.Dal\ContosoCore.DAL.csproj", "{ADF4E67F-1A5C-415E-8CDF-6E78BE4BC49F}"
EndProject
Project("{FAE04EC0-301F-11D3-BF4B-00C04F79EFBC}") = "ContosoCore.API", "ContosoCore.API\ContosoCore.API.csproj", "{39D49F16-FB26-4B50-B33C-8714D1922130}"
EndProject
Global
	GlobalSection(SolutionConfigurationPlatforms) = preSolution
		Debug|Any CPU = Debug|Any CPU
		Release|Any CPU = Release|Any CPU
	EndGlobalSection
	GlobalSection(ProjectConfigurationPlatforms) = postSolution
		{437FC661-F136-45D6-9DF3-A016E56BCB18}.Debug|Any CPU.ActiveCfg = Debug|Any CPU
		{437FC661-F136-45D6-9DF3-A016E56BCB18}.Debug|Any CPU.Build.0 = Debug|Any CPU
		{437FC661-F136-45D6-9DF3-A016E56BCB18}.Release|Any CPU.ActiveCfg = Release|Any CPU
		{437FC661-F136-45D6-9DF3-A016E56BCB18}.Release|Any CPU.Build.0 = Release|Any CPU
		{ADF4E67F-1A5C-415E-8CDF-6E78BE4BC49F}.Debug|Any CPU.ActiveCfg = Debug|Any CPU
		{ADF4E67F-1A5C-415E-8CDF-6E78BE4BC49F}.Debug|Any CPU.Build.0 = Debug|Any CPU
		{ADF4E67F-1A5C-415E-8CDF-6E78BE4BC49F}.Release|Any CPU.ActiveCfg = Release|Any CPU
		{ADF4E67F-1A5C-415E-8CDF-6E78BE4BC49F}.Release|Any CPU.Build.0 = Release|Any CPU
		{39D49F16-FB26-4B50-B33C-8714D1922130}.Debug|Any CPU.ActiveCfg = Debug|Any CPU
		{39D49F16-FB26-4B50-B33C-8714D1922130}.Debug|Any CPU.Build.0 = Debug|Any CPU
		{39D49F16-FB26-4B50-B33C-8714D1922130}.Release|Any CPU.ActiveCfg = Release|Any CPU
		{39D49F16-FB26-4B50-B33C-8714D1922130}.Release|Any CPU.Build.0 = Release|Any CPU
	EndGlobalSection
	GlobalSection(SolutionProperties) = preSolution
		HideSolutionNode = FALSE
	EndGlobalSection
	GlobalSection(ExtensibilityGlobals) = postSolution
		SolutionGuid = {7A5B3437-390C-49CE-AAD3-C32B91614F72}
	EndGlobalSection
EndGlobal
